PODS:
  - Masonry (1.1.0)
  - MTLayoutUtilityComponent (1.0.2):
    - Masonry
    - MTLayoutUtilityComponent/MTMasConstraintMaker (= 1.0.2)
  - MTLayoutUtilityComponent/MTMasConstraintMaker (1.0.2):
    - Masonry

DEPENDENCIES:
  - MTLayoutUtilityComponent (from `../`)

SPEC REPOS:
  trunk:
    - Masonry

EXTERNAL SOURCES:
  MTLayoutUtilityComponent:
    :path: "../"

SPEC CHECKSUMS:
  Masonry: 678fab65091a9290e40e2832a55e7ab731aad201
  MTLayoutUtilityComponent: f44623f9a207d959f4594ee6b7a8a217d5b2cdb0

PODFILE CHECKSUM: d6a600ed86cf3ddd0437c83b7b985dd6e81b0a38

COCOAPODS: 1.9.3
